
Microsoft Visual Studio Solution File, Format Version 12.00
# Visual Studio 15
Project("{FAE04EC0-301F-11D3-BF4B-00C04F79EFBC}") = "Unity.Collections", "Unity.Collections.csproj", "{4CF7FA28-C2DB-2569-5643-4190F188BA2F}"
EndProject
Project("{FAE04EC0-301F-11D3-BF4B-00C04F79EFBC}") = "Assembly-CSharp", "Assembly-CSharp.csproj", "{12F44184-A422-5F27-22E6-507969043F15}"
EndProject
Project("{FAE04EC0-301F-11D3-BF4B-00C04F79EFBC}") = "FootStone.TankShared", "FootStone.TankShared.csproj", "{86BE3A39-CC1E-2C31-A16A-A9B1BAF8FB25}"
EndProject
Project("{FAE04EC0-301F-11D3-BF4B-00C04F79EFBC}") = "FootStone.KcpTransport", "FootStone.KcpTransport.csproj", "{E443916D-9AE3-E5C6-D54E-F84F1685BF93}"
EndProject
Project("{FAE04EC0-301F-11D3-BF4B-00C04F79EFBC}") = "Unity.Collections.Tests", "Unity.Collections.Tests.csproj", "{2693FB79-5EA6-961A-0012-1BD8A2D1FFC0}"
EndProject
Project("{FAE04EC0-301F-11D3-BF4B-00C04F79EFBC}") = "Assembly-CSharp-Editor", "Assembly-CSharp-Editor.csproj", "{5544F79C-5306-909F-C855-53D6959D5DFD}"
EndProject
Global
	GlobalSection(SolutionConfigurationPlatforms) = preSolution
		Debug|Any CPU = Debug|Any CPU
		Release|Any CPU = Release|Any CPU
	EndGlobalSection
	GlobalSection(ProjectConfigurationPlatforms) = postSolution
		{4CF7FA28-C2DB-2569-5643-4190F188BA2F}.Debug|Any CPU.ActiveCfg = Debug|Any CPU
		{4CF7FA28-C2DB-2569-5643-4190F188BA2F}.Debug|Any CPU.Build.0 = Debug|Any CPU
		{4CF7FA28-C2DB-2569-5643-4190F188BA2F}.Release|Any CPU.ActiveCfg = Release|Any CPU
		{4CF7FA28-C2DB-2569-5643-4190F188BA2F}.Release|Any CPU.Build.0 = Release|Any CPU
		{12F44184-A422-5F27-22E6-507969043F15}.Debug|Any CPU.ActiveCfg = Debug|Any CPU
		{12F44184-A422-5F27-22E6-507969043F15}.Debug|Any CPU.Build.0 = Debug|Any CPU
		{12F44184-A422-5F27-22E6-507969043F15}.Release|Any CPU.ActiveCfg = Release|Any CPU
		{12F44184-A422-5F27-22E6-507969043F15}.Release|Any CPU.Build.0 = Release|Any CPU
		{86BE3A39-CC1E-2C31-A16A-A9B1BAF8FB25}.Debug|Any CPU.ActiveCfg = Debug|Any CPU
		{86BE3A39-CC1E-2C31-A16A-A9B1BAF8FB25}.Debug|Any CPU.Build.0 = Debug|Any CPU
		{86BE3A39-CC1E-2C31-A16A-A9B1BAF8FB25}.Release|Any CPU.ActiveCfg = Release|Any CPU
		{86BE3A39-CC1E-2C31-A16A-A9B1BAF8FB25}.Release|Any CPU.Build.0 = Release|Any CPU
		{E443916D-9AE3-E5C6-D54E-F84F1685BF93}.Debug|Any CPU.ActiveCfg = Debug|Any CPU
		{E443916D-9AE3-E5C6-D54E-F84F1685BF93}.Debug|Any CPU.Build.0 = Debug|Any CPU
		{E443916D-9AE3-E5C6-D54E-F84F1685BF93}.Release|Any CPU.ActiveCfg = Release|Any CPU
		{E443916D-9AE3-E5C6-D54E-F84F1685BF93}.Release|Any CPU.Build.0 = Release|Any CPU
		{2693FB79-5EA6-961A-0012-1BD8A2D1FFC0}.Debug|Any CPU.ActiveCfg = Debug|Any CPU
		{2693FB79-5EA6-961A-0012-1BD8A2D1FFC0}.Debug|Any CPU.Build.0 = Debug|Any CPU
		{2693FB79-5EA6-961A-0012-1BD8A2D1FFC0}.Release|Any CPU.ActiveCfg = Release|Any CPU
		{2693FB79-5EA6-961A-0012-1BD8A2D1FFC0}.Release|Any CPU.Build.0 = Release|Any CPU
		{5544F79C-5306-909F-C855-53D6959D5DFD}.Debug|Any CPU.ActiveCfg = Debug|Any CPU
		{5544F79C-5306-909F-C855-53D6959D5DFD}.Debug|Any CPU.Build.0 = Debug|Any CPU
		{5544F79C-5306-909F-C855-53D6959D5DFD}.Release|Any CPU.ActiveCfg = Release|Any CPU
		{5544F79C-5306-909F-C855-53D6959D5DFD}.Release|Any CPU.Build.0 = Release|Any CPU
	EndGlobalSection
	GlobalSection(SolutionProperties) = preSolution
		HideSolutionNode = FALSE
	EndGlobalSection
EndGlobal
